
Microsoft Visual Studio Solution File, Format Version 12.00
# Visual Studio Version 16
VisualStudioVersion = 16.0.31515.178
MinimumVisualStudioVersion = 10.0.40219.1
Project("{FAE04EC0-301F-11D3-BF4B-00C04F79EFBC}") = "calcualdora", "calcualdora\calcualdora.csproj", "{873FCD36-5C4A-4100-8438-5DA513EC0966}"
EndProject
Global
	GlobalSection(SolutionConfigurationPlatforms) = preSolution
		Debug|Any CPU = Debug|Any CPU
		Release|Any CPU = Release|Any CPU
	EndGlobalSection
	GlobalSection(ProjectConfigurationPlatforms) = postSolution
		{873FCD36-5C4A-4100-8438-5DA513EC0966}.Debug|Any CPU.ActiveCfg = Debug|Any CPU
		{873FCD36-5C4A-4100-8438-5DA513EC0966}.Debug|Any CPU.Build.0 = Debug|Any CPU
		{873FCD36-5C4A-4100-8438-5DA513EC0966}.Release|Any CPU.ActiveCfg = Release|Any CPU
		{873FCD36-5C4A-4100-8438-5DA513EC0966}.Release|Any CPU.Build.0 = Release|Any CPU
	EndGlobalSection
	GlobalSection(SolutionProperties) = preSolution
		HideSolutionNode = FALSE
	EndGlobalSection
	GlobalSection(ExtensibilityGlobals) = postSolution
		SolutionGuid = {5A675831-053E-4983-BE3E-0F7A3C0C0E39}
	EndGlobalSection
EndGlobal
