
Microsoft Visual Studio Solution File, Format Version 12.00
# Visual Studio Version 16
VisualStudioVersion = 16.0.31515.178
MinimumVisualStudioVersion = 10.0.40219.1
Project("{FAE04EC0-301F-11D3-BF4B-00C04F79EFBC}") = "agregar y eliminar refresco", "agregar y eliminar refresco.csproj", "{05C97D2E-3B0C-47FD-9959-2FC1447F4C9A}"
EndProject
Global
	GlobalSection(SolutionConfigurationPlatforms) = preSolution
		Debug|Any CPU = Debug|Any CPU
		Release|Any CPU = Release|Any CPU
	EndGlobalSection
	GlobalSection(ProjectConfigurationPlatforms) = postSolution
		{05C97D2E-3B0C-47FD-9959-2FC1447F4C9A}.Debug|Any CPU.ActiveCfg = Debug|Any CPU
		{05C97D2E-3B0C-47FD-9959-2FC1447F4C9A}.Debug|Any CPU.Build.0 = Debug|Any CPU
		{05C97D2E-3B0C-47FD-9959-2FC1447F4C9A}.Release|Any CPU.ActiveCfg = Release|Any CPU
		{05C97D2E-3B0C-47FD-9959-2FC1447F4C9A}.Release|Any CPU.Build.0 = Release|Any CPU
	EndGlobalSection
	GlobalSection(SolutionProperties) = preSolution
		HideSolutionNode = FALSE
	EndGlobalSection
	GlobalSection(ExtensibilityGlobals) = postSolution
		SolutionGuid = {66EA1A90-9158-4207-8174-D20DCA85AEAC}
	EndGlobalSection
EndGlobal
